
Microsoft Visual Studio Solution File, Format Version 12.00
# Visual Studio Version 17
VisualStudioVersion = 17.9.34728.123
MinimumVisualStudioVersion = 10.0.40219.1
Project("{9A19103F-16F7-4668-BE54-9A1E7A4F7556}") = "SimplePrintServer", "SimplePrintServer.csproj", "{8588E191-0950-49BC-AFCA-B293D7642474}"
EndProject
Project("{54435603-DBB4-11D2-8724-00A0C9A8B90C}") = "SetupInstaller", "..\SetupInstaller\SetupInstaller.vdproj", "{6A49CF97-530D-40D2-9FDA-603E29FB979A}"
EndProject
Global
	GlobalSection(SolutionConfigurationPlatforms) = preSolution
		Debug|Any CPU = Debug|Any CPU
		Release|Any CPU = Release|Any CPU
	EndGlobalSection
	GlobalSection(ProjectConfigurationPlatforms) = postSolution
		{8588E191-0950-49BC-AFCA-B293D7642474}.Debug|Any CPU.ActiveCfg = Debug|Any CPU
		{8588E191-0950-49BC-AFCA-B293D7642474}.Debug|Any CPU.Build.0 = Debug|Any CPU
		{8588E191-0950-49BC-AFCA-B293D7642474}.Release|Any CPU.ActiveCfg = Release|Any CPU
		{8588E191-0950-49BC-AFCA-B293D7642474}.Release|Any CPU.Build.0 = Release|Any CPU
		{6A49CF97-530D-40D2-9FDA-603E29FB979A}.Debug|Any CPU.ActiveCfg = Debug
		{6A49CF97-530D-40D2-9FDA-603E29FB979A}.Release|Any CPU.ActiveCfg = Release
	EndGlobalSection
	GlobalSection(SolutionProperties) = preSolution
		HideSolutionNode = FALSE
	EndGlobalSection
	GlobalSection(ExtensibilityGlobals) = postSolution
		SolutionGuid = {8D94985E-00E1-4EFF-AB39-6DDF6BA27F55}
	EndGlobalSection
EndGlobal
